// !$*UTF8*$!
{
	archiveVersion = 1;
	classes = {
	};
	objectVersion = 51;
	objects = {

/* Begin PBXBuildFile section */
		233A67DE0CF9614BD82D78DB /* Pods_Firestore_CRUD.framework in Frameworks */ = {isa = PBXBuildFile; fileRef = 150A0466184DFDA5FB4B15CA /* Pods_Firestore_CRUD.framework */; };
		2A15CE93243662980023E6FD /* GoogleService-Info.plist in Resources */ = {isa = PBXBuildFile; fileRef = 2A15CE92243662980023E6FD /* GoogleService-Info.plist */; };
		2A15CE95243664FE0023E6FD /* Person.swift in Sources */ = {isa = PBXBuildFile; fileRef = 2A15CE94243664FE0023E6FD /* Person.swift */; };
		2A5CE657243634420076F665 /* AppDelegate.swift in Sources */ = {isa = PBXBuildFile; fileRef = 2A5CE656243634420076F665 /* AppDelegate.swift */; };
		2A5CE659243634420076F665 /* SceneDelegate.swift in Sources */ = {isa = PBXBuildFile; fileRef = 2A5CE658243634420076F665 /* SceneDelegate.swift */; };
		2A5CE65B243634420076F665 /* ViewController.swift in Sources */ = {isa = PBXBuildFile; fileRef = 2A5CE65A243634420076F665 /* ViewController.swift */; };
		2A5CE65E243634420076F665 /* Main.storyboard in Resources */ = {isa = PBXBuildFile; fileRef = 2A5CE65C243634420076F665 /* Main.storyboard */; };
		2A5CE660243634430076F665 /* Assets.xcassets in Resources */ = {isa = PBXBuildFile; fileRef = 2A5CE65F243634430076F665 /* Assets.xcassets */; };
		2A5CE663243634430076F665 /* LaunchScreen.storyboard in Resources */ = {isa = PBXBuildFile; fileRef = 2A5CE661243634430076F665 /* LaunchScreen.storyboard */; };
		2A5CE66E24363CD10076F665 /* AddViewController.swift in Sources */ = {isa = PBXBuildFile; fileRef = 2A5CE66D24363CD10076F665 /* AddViewController.swift */; };
/* End PBXBuildFile section */

/* Begin PBXFileReference section */
		150A0466184DFDA5FB4B15CA /* Pods_Firestore_CRUD.framework */ = {isa = PBXFileReference; explicitFileType = wrapper.framework; includeInIndex = 0; path = Pods_Firestore_CRUD.framework; sourceTree = BUILT_PRODUCTS_DIR; };
		2A15CE92243662980023E6FD /* GoogleService-Info.plist */ = {isa = PBXFileReference; fileEncoding = 4; lastKnownFileType = text.plist.xml; path = "GoogleService-Info.plist"; sourceTree = "<group>"; };
		2A15CE94243664FE0023E6FD /* Person.swift */ = {isa = PBXFileReference; lastKnownFileType = sourcecode.swift; path = Person.swift; sourceTree = "<group>"; };
		2A5CE653243634420076F665 /* Firestore CRUD.app */ = {isa = PBXFileReference; explicitFileType = wrapper.application; includeInIndex = 0; path = "Firestore CRUD.app"; sourceTree = BUILT_PRODUCTS_DIR; };
		2A5CE656243634420076F665 /* AppDelegate.swift */ = {isa = PBXFileReference; lastKnownFileType = sourcecode.swift; path = AppDelegate.swift; sourceTree = "<group>"; };
		2A5CE658243634420076F665 /* SceneDelegate.swift */ = {isa = PBXFileReference; lastKnownFileType = sourcecode.swift; path = SceneDelegate.swift; sourceTree = "<group>"; };
		2A5CE65A243634420076F665 /* ViewController.swift */ = {isa = PBXFileReference; lastKnownFileType = sourcecode.swift; path = ViewController.swift; sourceTree = "<group>"; };
		2A5CE65D243634420076F665 /* Base */ = {isa = PBXFileReference; lastKnownFileType = file.storyboard; name = Base; path = Base.lproj/Main.storyboard; sourceTree = "<group>"; };
		2A5CE65F243634430076F665 /* Assets.xcassets */ = {isa = PBXFileReference; lastKnownFileType = folder.assetcatalog; path = Assets.xcassets; sourceTree = "<group>"; };
		2A5CE662243634430076F665 /* Base */ = {isa = PBXFileReference; lastKnownFileType = file.storyboard; name = Base; path = Base.lproj/LaunchScreen.storyboard; sourceTree = "<group>"; };
		2A5CE664243634430076F665 /* Info.plist */ = {isa = PBXFileReference; lastKnownFileType = text.plist.xml; path = Info.plist; sourceTree = "<group>"; };
		2A5CE66D24363CD10076F665 /* AddViewController.swift */ = {isa = PBXFileReference; lastKnownFileType = sourcecode.swift; path = AddViewController.swift; sourceTree = "<group>"; };
		54A7D402FAA91ADF8140B5A7 /* Pods-Firestore CRUD.release.xcconfig */ = {isa = PBXFileReference; includeInIndex = 1; lastKnownFileType = text.xcconfig; name = "Pods-Firestore CRUD.release.xcconfig"; path = "Target Support Files/Pods-Firestore CRUD/Pods-Firestore CRUD.release.xcconfig"; sourceTree = "<group>"; };
		7B20D84939F15D70487FB4D0 /* Pods-Firestore CRUD.debug.xcconfig */ = {isa = PBXFileReference; includeInIndex = 1; lastKnownFileType = text.xcconfig; name = "Pods-Firestore CRUD.debug.xcconfig"; path = "Target Support Files/Pods-Firestore CRUD/Pods-Firestore CRUD.debug.xcconfig"; sourceTree = "<group>"; };
/* End PBXFileReference section */

/* Begin PBXFrameworksBuildPhase section */
		2A5CE650243634420076F665 /* Frameworks */ = {
			isa = PBXFrameworksBuildPhase;
			buildActionMask = 2147483647;
			files = (
				233A67DE0CF9614BD82D78DB /* Pods_Firestore_CRUD.framework in Frameworks */,
			);
			runOnlyForDeploymentPostprocessing = 0;
		};
/* End PBXFrameworksBuildPhase section */

/* Begin PBXGroup section */
		2A15CE96243667190023E6FD /* Model */ = {
			isa = PBXGroup;
			children = (
				2A15CE94243664FE0023E6FD /* Person.swift */,
			);
			path = Model;
			sourceTree = "<group>";
		};
		2A5CE64A243634420076F665 = {
			isa = PBXGroup;
			children = (
				2A5CE655243634420076F665 /* Firestore CRUD */,
				2A5CE654243634420076F665 /* Products */,
				9ACF9C77F2B979D12EC1CDCE /* Pods */,
				2BD9D68F53A95AA208F0F317 /* Frameworks */,
			);
			sourceTree = "<group>";
		};
		2A5CE654243634420076F665 /* Products */ = {
			isa = PBXGroup;
			children = (
				2A5CE653243634420076F665 /* Firestore CRUD.app */,
			);
			name = Products;
			sourceTree = "<group>";
		};
		2A5CE655243634420076F665 /* Firestore CRUD */ = {
			isa = PBXGroup;
			children = (
				2A15CE96243667190023E6FD /* Model */,
				2A5CE66C24363B570076F665 /* Controller */,
				2A5CE656243634420076F665 /* AppDelegate.swift */,
				2A5CE658243634420076F665 /* SceneDelegate.swift */,
				2A5CE65C243634420076F665 /* Main.storyboard */,
				2A5CE65F243634430076F665 /* Assets.xcassets */,
				2A5CE661243634430076F665 /* LaunchScreen.storyboard */,
				2A5CE664243634430076F665 /* Info.plist */,
				2A15CE92243662980023E6FD /* GoogleService-Info.plist */,
			);
			path = "Firestore CRUD";
			sourceTree = "<group>";
		};
		2A5CE66C24363B570076F665 /* Controller */ = {
			isa = PBXGroup;
			children = (
				2A5CE65A243634420076F665 /* ViewController.swift */,
				2A5CE66D24363CD10076F665 /* AddViewController.swift */,
			);
			path = Controller;
			sourceTree = "<group>";
		};
		2BD9D68F53A95AA208F0F317 /* Frameworks */ = {
			isa = PBXGroup;
			children = (
				150A0466184DFDA5FB4B15CA /* Pods_Firestore_CRUD.framework */,
			);
			name = Frameworks;
			sourceTree = "<group>";
		};
		9ACF9C77F2B979D12EC1CDCE /* Pods */ = {
			isa = PBXGroup;
			children = (
				7B20D84939F15D70487FB4D0 /* Pods-Firestore CRUD.debug.xcconfig */,
				54A7D402FAA91ADF8140B5A7 /* Pods-Firestore CRUD.release.xcconfig */,
			);
			path = Pods;
			sourceTree = "<group>";
		};
/* End PBXGroup section */

/* Begin PBXNativeTarget section */
		2A5CE652243634420076F665 /* Firestore CRUD */ = {
			isa = PBXNativeTarget;
			buildConfigurationList = 2A5CE667243634430076F665 /* Build configuration list for PBXNativeTarget "Firestore CRUD" */;
			buildPhases = (
				883FFA2AB18A42205A6C883B /* [CP] Check Pods Manifest.lock */,
				2A5CE64F243634420076F665 /* Sources */,
				2A5CE650243634420076F665 /* Frameworks */,
				2A5CE651243634420076F665 /* Resources */,
				EB6A47C8EAC6741DF3072A2D /* [CP] Embed Pods Frameworks */,
			);
			buildRules = (
			);
			dependencies = (
			);
			name = "Firestore CRUD";
			productName = "Firestore CRUD";
			productReference = 2A5CE653243634420076F665 /* Firestore CRUD.app */;
			productType = "com.apple.product-type.application";
		};
/* End PBXNativeTarget section */

/* Begin PBXProject section */
		2A5CE64B243634420076F665 /* Project object */ = {
			isa = PBXProject;
			attributes = {
				LastSwiftUpdateCheck = 1110;
				LastUpgradeCheck = 1110;
				ORGANIZATIONNAME = "Md Khaled Hasan Manna";
				TargetAttributes = {
					2A5CE652243634420076F665 = {
						CreatedOnToolsVersion = 11.1;
					};
				};
			};
			buildConfigurationList = 2A5CE64E243634420076F665 /* Build configuration list for PBXProject "Firestore CRUD" */;
			compatibilityVersion = "Xcode 9.3";
			developmentRegion = en;
			hasScannedForEncodings = 0;
			knownRegions = (
				en,
				Base,
			);
			mainGroup = 2A5CE64A243634420076F665;
			productRefGroup = 2A5CE654243634420076F665 /* Products */;
			projectDirPath = "";
			projectRoot = "";
			targets = (
				2A5CE652243634420076F665 /* Firestore CRUD */,
			);
		};
/* End PBXProject section */

/* Begin PBXResourcesBuildPhase section */
		2A5CE651243634420076F665 /* Resources */ = {
			isa = PBXResourcesBuildPhase;
			buildActionMask = 2147483647;
			files = (
				2A5CE663243634430076F665 /* LaunchScreen.storyboard in Resources */,
				2A15CE93243662980023E6FD /* GoogleService-Info.plist in Resources */,
				2A5CE660243634430076F665 /* Assets.xcassets in Resources */,
				2A5CE65E243634420076F665 /* Main.storyboard in Resources */,
			);
			runOnlyForDeploymentPostprocessing = 0;
		};
/* End PBXResourcesBuildPhase section */

/* Begin PBXShellScriptBuildPhase section */
		883FFA2AB18A42205A6C883B /* [CP] Check Pods Manifest.lock */ = {
			isa = PBXShellScriptBuildPhase;
			buildActionMask = 2147483647;
			files = (
			);
			inputFileListPaths = (
			);
			inputPaths = (
				"${PODS_PODFILE_DIR_PATH}/Podfile.lock",
				"${PODS_ROOT}/Manifest.lock",
			);
			name = "[CP] Check Pods Manifest.lock";
			outputFileListPaths = (
			);
			outputPaths = (
				"$(DERIVED_FILE_DIR)/Pods-Firestore CRUD-checkManifestLockResult.txt",
			);
			runOnlyForDeploymentPostprocessing = 0;
			shellPath = /bin/sh;
			shellScript = "diff \"${PODS_PODFILE_DIR_PATH}/Podfile.lock\" \"${PODS_ROOT}/Manifest.lock\" > /dev/null\nif [ $? != 0 ] ; then\n    # print error to STDERR\n    echo \"error: The sandbox is not in sync with the Podfile.lock. Run 'pod install' or update your CocoaPods installation.\" >&2\n    exit 1\nfi\n# This output is used by Xcode 'outputs' to avoid re-running this script phase.\necho \"SUCCESS\" > \"${SCRIPT_OUTPUT_FILE_0}\"\n";
			showEnvVarsInLog = 0;
		};
		EB6A47C8EAC6741DF3072A2D /* [CP] Embed Pods Frameworks */ = {
			isa = PBXShellScriptBuildPhase;
			buildActionMask = 2147483647;
			files = (
			);
			inputFileListPaths = (
				"${PODS_ROOT}/Target Support Files/Pods-Firestore CRUD/Pods-Firestore CRUD-frameworks-${CONFIGURATION}-input-files.xcfilelist",
			);
			name = "[CP] Embed Pods Frameworks";
			outputFileListPaths = (
				"${PODS_ROOT}/Target Support Files/Pods-Firestore CRUD/Pods-Firestore CRUD-frameworks-${CONFIGURATION}-output-files.xcfilelist",
			);
			runOnlyForDeploymentPostprocessing = 0;
			shellPath = /bin/sh;
			shellScript = "\"${PODS_ROOT}/Target Support Files/Pods-Firestore CRUD/Pods-Firestore CRUD-frameworks.sh\"\n";
			showEnvVarsInLog = 0;
		};
/* End PBXShellScriptBuildPhase section */

/* Begin PBXSourcesBuildPhase section */
		2A5CE64F243634420076F665 /* Sources */ = {
			isa = PBXSourcesBuildPhase;
			buildActionMask = 2147483647;
			files = (
				2A15CE95243664FE0023E6FD /* Person.swift in Sources */,
				2A5CE65B243634420076F665 /* ViewController.swift in Sources */,
				2A5CE657243634420076F665 /* AppDelegate.swift in Sources */,
				2A5CE66E24363CD10076F665 /* AddViewController.swift in Sources */,
				2A5CE659243634420076F665 /* SceneDelegate.swift in Sources */,
			);
			runOnlyForDeploymentPostprocessing = 0;
		};
/* End PBXSourcesBuildPhase section */

/* Begin PBXVariantGroup section */
		2A5CE65C243634420076F665 /* Main.storyboard */ = {
			isa = PBXVariantGroup;
			children = (
				2A5CE65D243634420076F665 /* Base */,
			);
			name = Main.storyboard;
			sourceTree = "<group>";
		};
		2A5CE661243634430076F665 /* LaunchScreen.storyboard */ = {
			isa = PBXVariantGroup;
			children = (
				2A5CE662243634430076F665 /* Base */,
			);
			name = LaunchScreen.storyboard;
			sourceTree = "<group>";
		};
/* End PBXVariantGroup section */

/* Begin XCBuildConfiguration section */
		2A5CE665243634430076F665 /* Debug */ = {
			isa = XCBuildConfiguration;
			buildSettings = {
				ALWAYS_SEARCH_USER_PATHS = NO;
				CLANG_ANALYZER_NONNULL = YES;
				CLANG_ANALYZER_NUMBER_OBJECT_CONVERSION = YES_AGGRESSIVE;
				CLANG_CXX_LANGUAGE_STANDARD = "gnu++14";
				CLANG_CXX_LIBRARY = "libc++";
				CLANG_ENABLE_MODULES = YES;
				CLANG_ENABLE_OBJC_ARC = YES;
				CLANG_ENABLE_OBJC_WEAK = YES;
				CLANG_WARN_BLOCK_CAPTURE_AUTORELEASING = YES;
				CLANG_WARN_BOOL_CONVERSION = YES;
				CLANG_WARN_COMMA = YES;
				CLANG_WARN_CONSTANT_CONVERSION = YES;
				CLANG_WARN_DEPRECATED_OBJC_IMPLEMENTATIONS = YES;
				CLANG_WARN_DIRECT_OBJC_ISA_USAGE = YES_ERROR;
				CLANG_WARN_DOCUMENTATION_COMMENTS = YES;
				CLANG_WARN_EMPTY_BODY = YES;
				CLANG_WARN_ENUM_CONVERSION = YES;
				CLANG_WARN_INFINITE_RECURSION = YES;
				CLANG_WARN_INT_CONVERSION = YES;
				CLANG_WARN_NON_LITERAL_NULL_CONVERSION = YES;
				CLANG_WARN_OBJC_IMPLICIT_RETAIN_SELF = YES;
				CLANG_WARN_OBJC_LITERAL_CONVERSION = YES;
				CLANG_WARN_OBJC_ROOT_CLASS = YES_ERROR;
				CLANG_WARN_RANGE_LOOP_ANALYSIS = YES;
				CLANG_WARN_STRICT_PROTOTYPES = YES;
				CLANG_WARN_SUSPICIOUS_MOVE = YES;
				CLANG_WARN_UNGUARDED_AVAILABILITY = YES_AGGRESSIVE;
				CLANG_WARN_UNREACHABLE_CODE = YES;
				CLANG_WARN__DUPLICATE_METHOD_MATCH = YES;
				COPY_PHASE_STRIP = NO;
				DEBUG_INFORMATION_FORMAT = dwarf;
				ENABLE_STRICT_OBJC_MSGSEND = YES;
				ENABLE_TESTABILITY = YES;
				GCC_C_LANGUAGE_STANDARD = gnu11;
				GCC_DYNAMIC_NO_PIC = NO;
				GCC_NO_COMMON_BLOCKS = YES;
				GCC_OPTIMIZATION_LEVEL = 0;
				GCC_PREPROCESSOR_DEFINITIONS = (
					"DEBUG=1",
					"$(inherited)",
				);
				GCC_WARN_64_TO_32_BIT_CONVERSION = YES;
				GCC_WARN_ABOUT_RETURN_TYPE = YES_ERROR;
				GCC_WARN_UNDECLARED_SELECTOR = YES;
				GCC_WARN_UNINITIALIZED_AUTOS = YES_AGGRESSIVE;
				GCC_WARN_UNUSED_FUNCTION = YES;
				GCC_WARN_UNUSED_VARIABLE = YES;
				IPHONEOS_DEPLOYMENT_TARGET = 13.1;
				MTL_ENABLE_DEBUG_INFO = INCLUDE_SOURCE;
				MTL_FAST_MATH = YES;
				ONLY_ACTIVE_ARCH = YES;
				SDKROOT = iphoneos;
				SWIFT_ACTIVE_COMPILATION_CONDITIONS = DEBUG;
				SWIFT_OPTIMIZATION_LEVEL = "-Onone";
			};
			name = Debug;
		};
		2A5CE666243634430076F665 /* Release */ = {
			isa = XCBuildConfiguration;
			buildSettings = {
				ALWAYS_SEARCH_USER_PATHS = NO;
				CLANG_ANALYZER_NONNULL = YES;
				CLANG_ANALYZER_NUMBER_OBJECT_CONVERSION = YES_AGGRESSIVE;
				CLANG_CXX_LANGUAGE_STANDARD = "gnu++14";
				CLANG_CXX_LIBRARY = "libc++";
				CLANG_ENABLE_MODULES = YES;
				CLANG_ENABLE_OBJC_ARC = YES;
				CLANG_ENABLE_OBJC_WEAK = YES;
				CLANG_WARN_BLOCK_CAPTURE_AUTORELEASING = YES;
				CLANG_WARN_BOOL_CONVERSION = YES;
				CLANG_WARN_COMMA = YES;
				CLANG_WARN_CONSTANT_CONVERSION = YES;
				CLANG_WARN_DEPRECATED_OBJC_IMPLEMENTATIONS = YES;
				CLANG_WARN_DIRECT_OBJC_ISA_USAGE = YES_ERROR;
				CLANG_WARN_DOCUMENTATION_COMMENTS = YES;
				CLANG_WARN_EMPTY_BODY = YES;
				CLANG_WARN_ENUM_CONVERSION = YES;
				CLANG_WARN_INFINITE_RECURSION = YES;
				CLANG_WARN_INT_CONVERSION = YES;
				CLANG_WARN_NON_LITERAL_NULL_CONVERSION = YES;
				CLANG_WARN_OBJC_IMPLICIT_RETAIN_SELF = YES;
				CLANG_WARN_OBJC_LITERAL_CONVERSION = YES;
				CLANG_WARN_OBJC_ROOT_CLASS = YES_ERROR;
				CLANG_WARN_RANGE_LOOP_ANALYSIS = YES;
				CLANG_WARN_STRICT_PROTOTYPES = YES;
				CLANG_WARN_SUSPICIOUS_MOVE = YES;
				CLANG_WARN_UNGUARDED_AVAILABILITY = YES_AGGRESSIVE;
				CLANG_WARN_UNREACHABLE_CODE = YES;
				CLANG_WARN__DUPLICATE_METHOD_MATCH = YES;
				COPY_PHASE_STRIP = NO;
				DEBUG_INFORMATION_FORMAT = "dwarf-with-dsym";
				ENABLE_NS_ASSERTIONS = NO;
				ENABLE_STRICT_OBJC_MSGSEND = YES;
				GCC_C_LANGUAGE_STANDARD = gnu11;
				GCC_NO_COMMON_BLOCKS = YES;
				GCC_WARN_64_TO_32_BIT_CONVERSION = YES;
				GCC_WARN_ABOUT_RETURN_TYPE = YES_ERROR;
				GCC_WARN_UNDECLARED_SELECTOR = YES;
				GCC_WARN_UNINITIALIZED_AUTOS = YES_AGGRESSIVE;
				GCC_WARN_UNUSED_FUNCTION = YES;
				GCC_WARN_UNUSED_VARIABLE = YES;
				IPHONEOS_DEPLOYMENT_TARGET = 13.1;
				MTL_ENABLE_DEBUG_INFO = NO;
				MTL_FAST_MATH = YES;
				SDKROOT = iphoneos;
				SWIFT_COMPILATION_MODE = wholemodule;
				SWIFT_OPTIMIZATION_LEVEL = "-O";
				VALIDATE_PRODUCT = YES;
			};
			name = Release;
		};
		2A5CE668243634430076F665 /* Debug */ = {
			isa = XCBuildConfiguration;
			baseConfigurationReference = 7B20D84939F15D70487FB4D0 /* Pods-Firestore CRUD.debug.xcconfig */;
			buildSettings = {
				ASSETCATALOG_COMPILER_APPICON_NAME = AppIcon;
				CODE_SIGN_STYLE = Automatic;
				DEVELOPMENT_TEAM = MKCXG9MS9M;
				INFOPLIST_FILE = "Firestore CRUD/Info.plist";
				LD_RUNPATH_SEARCH_PATHS = (
					"$(inherited)",
					"@executable_path/Frameworks",
				);
				PRODUCT_BUNDLE_IDENTIFIER = "com.ict.manna.Firestore-CRUD";
				PRODUCT_NAME = "$(TARGET_NAME)";
				SWIFT_VERSION = 5.0;
				TARGETED_DEVICE_FAMILY = "1,2";
			};
			name = Debug;
		};
		2A5CE669243634430076F665 /* Release */ = {
			isa = XCBuildConfiguration;
			baseConfigurationReference = 54A7D402FAA91ADF8140B5A7 /* Pods-Firestore CRUD.release.xcconfig */;
			buildSettings = {
				ASSETCATALOG_COMPILER_APPICON_NAME = AppIcon;
				CODE_SIGN_STYLE = Automatic;
				DEVELOPMENT_TEAM = MKCXG9MS9M;
				INFOPLIST_FILE = "Firestore CRUD/Info.plist";
				LD_RUNPATH_SEARCH_PATHS = (
					"$(inherited)",
					"@executable_path/Frameworks",
				);
				PRODUCT_BUNDLE_IDENTIFIER = "com.ict.manna.Firestore-CRUD";
				PRODUCT_NAME = "$(TARGET_NAME)";
				SWIFT_VERSION = 5.0;
				TARGETED_DEVICE_FAMILY = "1,2";
			};
			name = Release;
		};
/* End XCBuildConfiguration section */

/* Begin XCConfigurationList section */
		2A5CE64E243634420076F665 /* Build configuration list for PBXProject "Firestore CRUD" */ = {
			isa = XCConfigurationList;
			buildConfigurations = (
				2A5CE665243634430076F665 /* Debug */,
				2A5CE666243634430076F665 /* Release */,
			);
			defaultConfigurationIsVisible = 0;
			defaultConfigurationName = Release;
		};
		2A5CE667243634430076F665 /* Build configuration list for PBXNativeTarget "Firestore CRUD" */ = {
			isa = XCConfigurationList;
			buildConfigurations = (
				2A5CE668243634430076F665 /* Debug */,
				2A5CE669243634430076F665 /* Release */,
			);
			defaultConfigurationIsVisible = 0;
			defaultConfigurationName = Release;
		};
/* End XCConfigurationList section */
	};
	rootObject = 2A5CE64B243634420076F665 /* Project object */;
}
